
Microsoft Visual Studio Solution File, Format Version 12.00
# Visual Studio Version 17
VisualStudioVersion = 17.13.35828.75
MinimumVisualStudioVersion = 10.0.40219.1
Project("{FAE04EC0-301F-11D3-BF4B-00C04F79EFBC}") = "DAL", "DAL.csproj", "{5A1E3CA8-B657-46DC-A76F-EF59E7ECD057}"
EndProject
Project("{FAE04EC0-301F-11D3-BF4B-00C04F79EFBC}") = "BLL", "..\BLL\BLL.csproj", "{F66E02A6-8E8D-4618-8057-301937A06CF8}"
EndProject
Project("{FAE04EC0-301F-11D3-BF4B-00C04F79EFBC}") = "GUI", "..\GUI\GUI.csproj", "{1C5D5E1D-509C-4490-95E9-7600B7B354F2}"
EndProject
Project("{FAE04EC0-301F-11D3-BF4B-00C04F79EFBC}") = "DTO", "..\DTO\DTO.csproj", "{8E86D4D6-9EDE-4EC3-9477-A410F988AC90}"
EndProject
Global
	GlobalSection(SolutionConfigurationPlatforms) = preSolution
		Debug|Any CPU = Debug|Any CPU
		Debug|ARM64 = Debug|ARM64
		Debug|x64 = Debug|x64
		Debug|x86 = Debug|x86
		h|Any CPU = h|Any CPU
		h|ARM64 = h|ARM64
		h|x64 = h|x64
		h|x86 = h|x86
		Release|Any CPU = Release|Any CPU
		Release|ARM64 = Release|ARM64
		Release|x64 = Release|x64
		Release|x86 = Release|x86
	EndGlobalSection
	GlobalSection(ProjectConfigurationPlatforms) = postSolution
		{5A1E3CA8-B657-46DC-A76F-EF59E7ECD057}.Debug|Any CPU.ActiveCfg = Debug|Any CPU
		{5A1E3CA8-B657-46DC-A76F-EF59E7ECD057}.Debug|Any CPU.Build.0 = Debug|Any CPU
		{5A1E3CA8-B657-46DC-A76F-EF59E7ECD057}.Debug|ARM64.ActiveCfg = Debug|Any CPU
		{5A1E3CA8-B657-46DC-A76F-EF59E7ECD057}.Debug|x64.ActiveCfg = Debug|x64
		{5A1E3CA8-B657-46DC-A76F-EF59E7ECD057}.Debug|x64.Build.0 = Debug|x64
		{5A1E3CA8-B657-46DC-A76F-EF59E7ECD057}.Debug|x86.ActiveCfg = Debug|Any CPU
		{5A1E3CA8-B657-46DC-A76F-EF59E7ECD057}.Debug|x86.Build.0 = Debug|Any CPU
		{5A1E3CA8-B657-46DC-A76F-EF59E7ECD057}.h|Any CPU.ActiveCfg = h|Any CPU
		{5A1E3CA8-B657-46DC-A76F-EF59E7ECD057}.h|Any CPU.Build.0 = h|Any CPU
		{5A1E3CA8-B657-46DC-A76F-EF59E7ECD057}.h|ARM64.ActiveCfg = h|Any CPU
		{5A1E3CA8-B657-46DC-A76F-EF59E7ECD057}.h|x64.ActiveCfg = h|Any CPU
		{5A1E3CA8-B657-46DC-A76F-EF59E7ECD057}.h|x64.Build.0 = h|Any CPU
		{5A1E3CA8-B657-46DC-A76F-EF59E7ECD057}.h|x86.ActiveCfg = h|Any CPU
		{5A1E3CA8-B657-46DC-A76F-EF59E7ECD057}.Release|Any CPU.ActiveCfg = Release|Any CPU
		{5A1E3CA8-B657-46DC-A76F-EF59E7ECD057}.Release|Any CPU.Build.0 = Release|Any CPU
		{5A1E3CA8-B657-46DC-A76F-EF59E7ECD057}.Release|ARM64.ActiveCfg = Release|Any CPU
		{5A1E3CA8-B657-46DC-A76F-EF59E7ECD057}.Release|x64.ActiveCfg = Release|Any CPU
		{5A1E3CA8-B657-46DC-A76F-EF59E7ECD057}.Release|x64.Build.0 = Release|Any CPU
		{5A1E3CA8-B657-46DC-A76F-EF59E7ECD057}.Release|x86.ActiveCfg = Release|Any CPU
		{F66E02A6-8E8D-4618-8057-301937A06CF8}.Debug|Any CPU.ActiveCfg = Debug|Any CPU
		{F66E02A6-8E8D-4618-8057-301937A06CF8}.Debug|Any CPU.Build.0 = Debug|Any CPU
		{F66E02A6-8E8D-4618-8057-301937A06CF8}.Debug|ARM64.ActiveCfg = Debug|Any CPU
		{F66E02A6-8E8D-4618-8057-301937A06CF8}.Debug|x64.ActiveCfg = Debug|x64
		{F66E02A6-8E8D-4618-8057-301937A06CF8}.Debug|x64.Build.0 = Debug|x64
		{F66E02A6-8E8D-4618-8057-301937A06CF8}.Debug|x86.ActiveCfg = Debug|Any CPU
		{F66E02A6-8E8D-4618-8057-301937A06CF8}.Debug|x86.Build.0 = Debug|Any CPU
		{F66E02A6-8E8D-4618-8057-301937A06CF8}.h|Any CPU.ActiveCfg = h|Any CPU
		{F66E02A6-8E8D-4618-8057-301937A06CF8}.h|Any CPU.Build.0 = h|Any CPU
		{F66E02A6-8E8D-4618-8057-301937A06CF8}.h|ARM64.ActiveCfg = h|Any CPU
		{F66E02A6-8E8D-4618-8057-301937A06CF8}.h|x64.ActiveCfg = h|Any CPU
		{F66E02A6-8E8D-4618-8057-301937A06CF8}.h|x86.ActiveCfg = h|Any CPU
		{F66E02A6-8E8D-4618-8057-301937A06CF8}.Release|Any CPU.ActiveCfg = Release|Any CPU
		{F66E02A6-8E8D-4618-8057-301937A06CF8}.Release|Any CPU.Build.0 = Release|Any CPU
		{F66E02A6-8E8D-4618-8057-301937A06CF8}.Release|ARM64.ActiveCfg = Release|Any CPU
		{F66E02A6-8E8D-4618-8057-301937A06CF8}.Release|x64.ActiveCfg = Release|Any CPU
		{F66E02A6-8E8D-4618-8057-301937A06CF8}.Release|x86.ActiveCfg = Release|Any CPU
		{1C5D5E1D-509C-4490-95E9-7600B7B354F2}.Debug|Any CPU.ActiveCfg = Debug|Any CPU
		{1C5D5E1D-509C-4490-95E9-7600B7B354F2}.Debug|Any CPU.Build.0 = Debug|Any CPU
		{1C5D5E1D-509C-4490-95E9-7600B7B354F2}.Debug|ARM64.ActiveCfg = Debug|Any CPU
		{1C5D5E1D-509C-4490-95E9-7600B7B354F2}.Debug|x64.ActiveCfg = Debug|x64
		{1C5D5E1D-509C-4490-95E9-7600B7B354F2}.Debug|x64.Build.0 = Debug|x64
		{1C5D5E1D-509C-4490-95E9-7600B7B354F2}.Debug|x86.ActiveCfg = Debug|Any CPU
		{1C5D5E1D-509C-4490-95E9-7600B7B354F2}.Debug|x86.Build.0 = Debug|Any CPU
		{1C5D5E1D-509C-4490-95E9-7600B7B354F2}.h|Any CPU.ActiveCfg = h|Any CPU
		{1C5D5E1D-509C-4490-95E9-7600B7B354F2}.h|Any CPU.Build.0 = h|Any CPU
		{1C5D5E1D-509C-4490-95E9-7600B7B354F2}.h|ARM64.ActiveCfg = h|Any CPU
		{1C5D5E1D-509C-4490-95E9-7600B7B354F2}.h|x64.ActiveCfg = h|Any CPU
		{1C5D5E1D-509C-4490-95E9-7600B7B354F2}.h|x64.Build.0 = h|Any CPU
		{1C5D5E1D-509C-4490-95E9-7600B7B354F2}.h|x86.ActiveCfg = h|Any CPU
		{1C5D5E1D-509C-4490-95E9-7600B7B354F2}.Release|Any CPU.ActiveCfg = Release|Any CPU
		{1C5D5E1D-509C-4490-95E9-7600B7B354F2}.Release|Any CPU.Build.0 = Release|Any CPU
		{1C5D5E1D-509C-4490-95E9-7600B7B354F2}.Release|ARM64.ActiveCfg = Release|Any CPU
		{1C5D5E1D-509C-4490-95E9-7600B7B354F2}.Release|x64.ActiveCfg = Release|Any CPU
		{1C5D5E1D-509C-4490-95E9-7600B7B354F2}.Release|x64.Build.0 = Release|Any CPU
		{1C5D5E1D-509C-4490-95E9-7600B7B354F2}.Release|x86.ActiveCfg = Release|Any CPU
		{8E86D4D6-9EDE-4EC3-9477-A410F988AC90}.Debug|Any CPU.ActiveCfg = Debug|Any CPU
		{8E86D4D6-9EDE-4EC3-9477-A410F988AC90}.Debug|Any CPU.Build.0 = Debug|Any CPU
		{8E86D4D6-9EDE-4EC3-9477-A410F988AC90}.Debug|ARM64.ActiveCfg = Debug|ARM64
		{8E86D4D6-9EDE-4EC3-9477-A410F988AC90}.Debug|x64.ActiveCfg = Debug|x64
		{8E86D4D6-9EDE-4EC3-9477-A410F988AC90}.Debug|x64.Build.0 = Debug|x64
		{8E86D4D6-9EDE-4EC3-9477-A410F988AC90}.Debug|x86.ActiveCfg = Debug|Any CPU
		{8E86D4D6-9EDE-4EC3-9477-A410F988AC90}.Debug|x86.Build.0 = Debug|Any CPU
		{8E86D4D6-9EDE-4EC3-9477-A410F988AC90}.h|Any CPU.ActiveCfg = h|Any CPU
		{8E86D4D6-9EDE-4EC3-9477-A410F988AC90}.h|Any CPU.Build.0 = h|Any CPU
		{8E86D4D6-9EDE-4EC3-9477-A410F988AC90}.h|ARM64.ActiveCfg = h|ARM64
		{8E86D4D6-9EDE-4EC3-9477-A410F988AC90}.h|ARM64.Build.0 = h|ARM64
		{8E86D4D6-9EDE-4EC3-9477-A410F988AC90}.h|x64.ActiveCfg = h|Any CPU
		{8E86D4D6-9EDE-4EC3-9477-A410F988AC90}.h|x64.Build.0 = h|Any CPU
		{8E86D4D6-9EDE-4EC3-9477-A410F988AC90}.h|x86.ActiveCfg = h|Any CPU
		{8E86D4D6-9EDE-4EC3-9477-A410F988AC90}.Release|Any CPU.ActiveCfg = Release|Any CPU
		{8E86D4D6-9EDE-4EC3-9477-A410F988AC90}.Release|Any CPU.Build.0 = Release|Any CPU
		{8E86D4D6-9EDE-4EC3-9477-A410F988AC90}.Release|ARM64.ActiveCfg = Release|ARM64
		{8E86D4D6-9EDE-4EC3-9477-A410F988AC90}.Release|ARM64.Build.0 = Release|ARM64
		{8E86D4D6-9EDE-4EC3-9477-A410F988AC90}.Release|x64.ActiveCfg = Release|Any CPU
		{8E86D4D6-9EDE-4EC3-9477-A410F988AC90}.Release|x64.Build.0 = Release|Any CPU
		{8E86D4D6-9EDE-4EC3-9477-A410F988AC90}.Release|x86.ActiveCfg = Release|Any CPU
	EndGlobalSection
	GlobalSection(SolutionProperties) = preSolution
		HideSolutionNode = FALSE
	EndGlobalSection
	GlobalSection(ExtensibilityGlobals) = postSolution
		SolutionGuid = {03036CCC-9754-4A83-A9C1-B15E3359A00B}
	EndGlobalSection
EndGlobal
